<?xml version="1.0" encoding="utf-8"?>
<Project ToolsVersion="4.0" xmlns="http://schemas.microsoft.com/developer/msbuild/2003">
  <ItemGroup>
    <Filter Include="源文件">
      <UniqueIdentifier>{4FC737F1-C7A5-4376-A066-2A32D752A2FF}</UniqueIdentifier>
      <Extensions>cpp;c;cc;cxx;def;odl;idl;hpj;bat;asm;asmx</Extensions>
    </Filter>
    <Filter Include="头文件">
      <UniqueIdentifier>{93995380-89BD-4b04-88EB-625FBE52EBFB}</UniqueIdentifier>
      <Extensions>h;hh;hpp;hxx;hm;inl;inc;xsd</Extensions>
    </Filter>
    <Filter Include="资源文件">
      <UniqueIdentifier>{67DA6AB6-F800-4c08-8B7A-83BB121AAD01}</UniqueIdentifier>
      <Extensions>rc;ico;cur;bmp;dlg;rc2;rct;bin;rgs;gif;jpg;jpeg;jpe;resx;tiff;tif;png;wav;mfcribbon-ms</Extensions>
    </Filter>
    <Filter Include="头文件\gather">
      <UniqueIdentifier>{68f556b8-5868-467a-9489-5f95c999faa4}</UniqueIdentifier>
    </Filter>
    <Filter Include="源文件\gather">
      <UniqueIdentifier>{291ae18d-59df-4c1c-8d70-67ac4a79e141}</UniqueIdentifier>
    </Filter>
  </ItemGroup>
  <ItemGroup>
    <Text Include="ReadMe.txt" />
  </ItemGroup>
  <ItemGroup>
    <ClInclude Include="stdafx.h">
      <Filter>头文件</Filter>
    </ClInclude>
    <ClInclude Include="targetver.h">
      <Filter>头文件</Filter>
    </ClInclude>
    <ClInclude Include="command.h">
      <Filter>头文件</Filter>
    </ClInclude>
    <ClInclude Include="function.h">
      <Filter>头文件</Filter>
    </ClInclude>
    <ClInclude Include="Imshow.h">
      <Filter>头文件</Filter>
    </ClInclude>
    <ClInclude Include="QTfmCommon.h">
      <Filter>头文件\gather</Filter>
    </ClInclude>
    <ClInclude Include="ADSample.h">
      <Filter>头文件\gather</Filter>
    </ClInclude>
    <ClInclude Include="QTApi.h">
      <Filter>头文件\gather</Filter>
    </ClInclude>
    <ClInclude Include="QT_IMPORT.h">
      <Filter>头文件\gather</Filter>
    </ClInclude>
    <ClInclude Include="QTDevice.h">
      <Filter>头文件\gather</Filter>
    </ClInclude>
    <ClInclude Include="SerialPort.h">
      <Filter>头文件\gather</Filter>
    </ClInclude>
  </ItemGroup>
  <ItemGroup>
    <ClCompile Include="stdafx.cpp">
      <Filter>源文件</Filter>
    </ClCompile>
    <ClCompile Include="multithread.cpp">
      <Filter>源文件</Filter>
    </ClCompile>
    <ClCompile Include="command.cpp">
      <Filter>源文件</Filter>
    </ClCompile>
    <ClCompile Include="function.cpp">
      <Filter>源文件</Filter>
    </ClCompile>
    <ClCompile Include="tcpclient.cpp">
      <Filter>源文件</Filter>
    </ClCompile>
    <ClCompile Include="Imshow.cpp">
      <Filter>源文件</Filter>
    </ClCompile>
    <ClCompile Include="ADMultiple.cpp">
      <Filter>源文件\gather</Filter>
    </ClCompile>
    <ClCompile Include="QT_IMPORT.cpp">
      <Filter>源文件\gather</Filter>
    </ClCompile>
    <ClCompile Include="SerialPort.cpp">
      <Filter>源文件</Filter>
    </ClCompile>
  </ItemGroup>
</Project>